
Microsoft Visual Studio Solution File, Format Version 12.00
# Visual Studio 15
VisualStudioVersion = 15.0.28307.329
MinimumVisualStudioVersion = 10.0.40219.1
Project("{FAE04EC0-301F-11D3-BF4B-00C04F79EFBC}") = "NameListSQLServer", "NameListSQLServer\NameListSQLServer.csproj", "{1A1F7A5A-DF15-474A-8C0C-0C119C275024}"
EndProject
Global
	GlobalSection(SolutionConfigurationPlatforms) = preSolution
		Debug|Any CPU = Debug|Any CPU
		Release|Any CPU = Release|Any CPU
	EndGlobalSection
	GlobalSection(ProjectConfigurationPlatforms) = postSolution
		{1A1F7A5A-DF15-474A-8C0C-0C119C275024}.Debug|Any CPU.ActiveCfg = Debug|Any CPU
		{1A1F7A5A-DF15-474A-8C0C-0C119C275024}.Debug|Any CPU.Build.0 = Debug|Any CPU
		{1A1F7A5A-DF15-474A-8C0C-0C119C275024}.Release|Any CPU.ActiveCfg = Release|Any CPU
		{1A1F7A5A-DF15-474A-8C0C-0C119C275024}.Release|Any CPU.Build.0 = Release|Any CPU
	EndGlobalSection
	GlobalSection(SolutionProperties) = preSolution
		HideSolutionNode = FALSE
	EndGlobalSection
	GlobalSection(ExtensibilityGlobals) = postSolution
		SolutionGuid = {E49C0459-825C-4CB5-938C-B5402F66446A}
	EndGlobalSection
EndGlobal
